# This file is generated by running "yarn install" inside your project.
# Manual changes might be lost - proceed with caution!

__metadata:
  version: 6
  cacheKey: 8

"@jimp/core@npm:1.6.0":
  version: 1.6.0
  resolution: "@jimp/core@npm:1.6.0"
  dependencies:
    "@jimp/file-ops": "npm:1.6.0"
    "@jimp/types": "npm:1.6.0"
    "@jimp/utils": "npm:1.6.0"
    await-to-js: "npm:^3.0.0"
    exif-parser: "npm:^0.1.12"
    file-type: "npm:^16.0.0"
    mime: "npm:3"
  checksum: a737bfe52850db36da6823b0f48774afb998605b731bccfff5045ad6bc4c4d6600cc03a1c05f29c2169f45064cf1044295eb70020e1b40a1a5e5ecd89784e6fe
  languageName: node
  linkType: hard

"@jimp/diff@npm:1.6.0":
  version: 1.6.0
  resolution: "@jimp/diff@npm:1.6.0"
  dependencies:
    "@jimp/plugin-resize": "npm:1.6.0"
    "@jimp/types": "npm:1.6.0"
    "@jimp/utils": "npm:1.6.0"
    pixelmatch: "npm:^5.3.0"
  checksum: 1279215fc2113f77faf1af1a1cbd96865955db3da3b4aa385f4c54dd2a0815c24373a0773e0acdf27b444f870983d5e555cbbb859a49a3dd3b7d59746596d467
  languageName: node
  linkType: hard

"@jimp/file-ops@npm:1.6.0":
  version: 1.6.0
  resolution: "@jimp/file-ops@npm:1.6.0"
  checksum: dd27c6a178731f7a6d5e315086665daccdc0504f9e97784e4255bfdbebcb24bb01acd865debd66e7348248dd6a1d2994af080905d1e29593e3af0f722fd69c18
  languageName: node
  linkType: hard

"@jimp/js-bmp@npm:1.6.0":
  version: 1.6.0
  resolution: "@jimp/js-bmp@npm:1.6.0"
  dependencies:
    "@jimp/core": "npm:1.6.0"
    "@jimp/types": "npm:1.6.0"
    "@jimp/utils": "npm:1.6.0"
    bmp-ts: "npm:^1.0.9"
  checksum: f834235ebb586f7835eb41badd96637e4fcf23fdfca0f6b597e7acdf700ed18d47f66aae879405fb409ec0557ec09e8f9b0caf91a963bdababe9a58cc9eaa1e6
  languageName: node
  linkType: hard

"@jimp/js-gif@npm:1.6.0":
  version: 1.6.0
  resolution: "@jimp/js-gif@npm:1.6.0"
  dependencies:
    "@jimp/core": "npm:1.6.0"
    "@jimp/types": "npm:1.6.0"
    gifwrap: "npm:^0.10.1"
    omggif: "npm:^1.0.10"
  checksum: ba2b4c57fd5f80ab9d55b054c6bfd4cd0711adf4f1ac9fdfb10eff97ac1c26bed46138366ae7f0bb56f52d352b6e6cfb8859fb474d8c6aefa84ab82831400c1b
  languageName: node
  linkType: hard

"@jimp/js-jpeg@npm:1.6.0":
  version: 1.6.0
  resolution: "@jimp/js-jpeg@npm:1.6.0"
  dependencies:
    "@jimp/core": "npm:1.6.0"
    "@jimp/types": "npm:1.6.0"
    jpeg-js: "npm:^0.4.4"
  checksum: 4451ace82acd449d06daa2eec8072f57dd0c1703486ea750c1f43561e78c1595f43fa6090a3630197cf5aff149d032e12bf36563e574627f245ecd61d05897e3
  languageName: node
  linkType: hard

"@jimp/js-png@npm:1.6.0":
  version: 1.6.0
  resolution: "@jimp/js-png@npm:1.6.0"
  dependencies:
    "@jimp/core": "npm:1.6.0"
    "@jimp/types": "npm:1.6.0"
    pngjs: "npm:^7.0.0"
  checksum: 8508873f64864bd8bb39a301ef95541743bdfb19231d9614e6038b4cf333b979b20bdb9781734d147948d5ce4da3a11d3836792a6946e005e2c2942f2d83b0c2
  languageName: node
  linkType: hard

"@jimp/js-tiff@npm:1.6.0":
  version: 1.6.0
  resolution: "@jimp/js-tiff@npm:1.6.0"
  dependencies:
    "@jimp/core": "npm:1.6.0"
    "@jimp/types": "npm:1.6.0"
    utif2: "npm:^4.1.0"
  checksum: 32d78951d138651830d15c9625864eca3ac80d74f9f799eae1d15f4c5c6a5bf37e69001ae71f9f3d95a16061c9864709d0e921674ea4747aa58cc304035070b7
  languageName: node
  linkType: hard

"@jimp/plugin-blit@npm:1.6.0":
  version: 1.6.0
  resolution: "@jimp/plugin-blit@npm:1.6.0"
  dependencies:
    "@jimp/types": "npm:1.6.0"
    "@jimp/utils": "npm:1.6.0"
    zod: "npm:^3.23.8"
  checksum: 95db10c8ad53bab25491643f184b2a513155764ba429bf036951225c311fa60c15daea61df32ba83a84438916b7e10f36a87cbbff5c572ae2b6ef5f2ad721680
  languageName: node
  linkType: hard

"@jimp/plugin-blur@npm:1.6.0":
  version: 1.6.0
  resolution: "@jimp/plugin-blur@npm:1.6.0"
  dependencies:
    "@jimp/core": "npm:1.6.0"
    "@jimp/utils": "npm:1.6.0"
  checksum: fd8fc598dbc75edd35feb961f82e18c652e6852be92049633451c760c1d1b2388abf715f44ba2e4835ac38e04b49e6c980f09c78d9439492513f6c575e058a7e
  languageName: node
  linkType: hard

"@jimp/plugin-circle@npm:1.6.0":
  version: 1.6.0
  resolution: "@jimp/plugin-circle@npm:1.6.0"
  dependencies:
    "@jimp/types": "npm:1.6.0"
    zod: "npm:^3.23.8"
  checksum: 11f13bb790aa79f71075e6f7762ad0a46baaf9e599beeda3a8cb5fdd07cf0599684c20b8fc9d47fd7f67b574ba608e1d560135c94db70fce69219cebcce8a2ee
  languageName: node
  linkType: hard

"@jimp/plugin-color@npm:1.6.0":
  version: 1.6.0
  resolution: "@jimp/plugin-color@npm:1.6.0"
  dependencies:
    "@jimp/core": "npm:1.6.0"
    "@jimp/types": "npm:1.6.0"
    "@jimp/utils": "npm:1.6.0"
    tinycolor2: "npm:^1.6.0"
    zod: "npm:^3.23.8"
  checksum: 7223728397134e4978f8cd6c8e9f45578ce67638ab833704a5c1edf1bf6ad3064c3d93152a4906ebf308ad486f2f1d7a71b3e809fab80931c47eccc3d0839c4e
  languageName: node
  linkType: hard

"@jimp/plugin-contain@npm:1.6.0":
  version: 1.6.0
  resolution: "@jimp/plugin-contain@npm:1.6.0"
  dependencies:
    "@jimp/core": "npm:1.6.0"
    "@jimp/plugin-blit": "npm:1.6.0"
    "@jimp/plugin-resize": "npm:1.6.0"
    "@jimp/types": "npm:1.6.0"
    "@jimp/utils": "npm:1.6.0"
    zod: "npm:^3.23.8"
  checksum: cb40e4fe5d3e3109cb7d39e65cedcc78f8d675ef5455fca15f09b04960273633bbe75adb68b6657096dcb5e3f3dcc6ddb2f0df970ca01669636e0dd0d073039c
  languageName: node
  linkType: hard

"@jimp/plugin-cover@npm:1.6.0":
  version: 1.6.0
  resolution: "@jimp/plugin-cover@npm:1.6.0"
  dependencies:
    "@jimp/core": "npm:1.6.0"
    "@jimp/plugin-crop": "npm:1.6.0"
    "@jimp/plugin-resize": "npm:1.6.0"
    "@jimp/types": "npm:1.6.0"
    zod: "npm:^3.23.8"
  checksum: 1e5327c3d2c364009d7427f88c6bd65a15569a7d755c2dfdb268c73ede3f2ff87c322ac93956c4db970a9b27af91d6eb9570de872e62a0fd97bf38d10a4b0ef8
  languageName: node
  linkType: hard

"@jimp/plugin-crop@npm:1.6.0":
  version: 1.6.0
  resolution: "@jimp/plugin-crop@npm:1.6.0"
  dependencies:
    "@jimp/core": "npm:1.6.0"
    "@jimp/types": "npm:1.6.0"
    "@jimp/utils": "npm:1.6.0"
    zod: "npm:^3.23.8"
  checksum: fa415a0f02d86eef9c709904b801e996e94590318960dbb9d682bd60cb1a63274cd4bfd9884d413371429ddba5335167482740018216575c0f864ad5c8f5fe73
  languageName: node
  linkType: hard

"@jimp/plugin-displace@npm:1.6.0":
  version: 1.6.0
  resolution: "@jimp/plugin-displace@npm:1.6.0"
  dependencies:
    "@jimp/types": "npm:1.6.0"
    "@jimp/utils": "npm:1.6.0"
    zod: "npm:^3.23.8"
  checksum: ca849fd8e5facb63df89f28027fd9db07181e40d17d46d9820afba6e466d58dc2d37b7b0e6bf89c528481c7079d30fae8aa5f7424889667871f471e1c283c897
  languageName: node
  linkType: hard

"@jimp/plugin-dither@npm:1.6.0":
  version: 1.6.0
  resolution: "@jimp/plugin-dither@npm:1.6.0"
  dependencies:
    "@jimp/types": "npm:1.6.0"
  checksum: c38da84435d56be0b22ff83eacc00d7934d6c3eb3c19cdb43958f853accc59917332547d9d1cf08de94b5a72c21b958cba1b89a92e697dfef22d021b17ca4ff7
  languageName: node
  linkType: hard

"@jimp/plugin-fisheye@npm:1.6.0":
  version: 1.6.0
  resolution: "@jimp/plugin-fisheye@npm:1.6.0"
  dependencies:
    "@jimp/types": "npm:1.6.0"
    "@jimp/utils": "npm:1.6.0"
    zod: "npm:^3.23.8"
  checksum: 37c41050ff87a0b1e4bc9a6ab8f86fe77b3d1a4470d95272bb7e2854702f8a01aeeb5f60a95afae1899623d64d79efc2975c613310f7fa85c2022746926c2822
  languageName: node
  linkType: hard

"@jimp/plugin-flip@npm:1.6.0":
  version: 1.6.0
  resolution: "@jimp/plugin-flip@npm:1.6.0"
  dependencies:
    "@jimp/types": "npm:1.6.0"
    zod: "npm:^3.23.8"
  checksum: fd1463608d73e811b13fd8fa1d3cbcf90ef37e69039590cfa798673b7877889918abde6ac26f7b1be207eea36204476305e23f0a0d30db5b6f608f0686ca6e98
  languageName: node
  linkType: hard

"@jimp/plugin-hash@npm:1.6.0":
  version: 1.6.0
  resolution: "@jimp/plugin-hash@npm:1.6.0"
  dependencies:
    "@jimp/core": "npm:1.6.0"
    "@jimp/js-bmp": "npm:1.6.0"
    "@jimp/js-jpeg": "npm:1.6.0"
    "@jimp/js-png": "npm:1.6.0"
    "@jimp/js-tiff": "npm:1.6.0"
    "@jimp/plugin-color": "npm:1.6.0"
    "@jimp/plugin-resize": "npm:1.6.0"
    "@jimp/types": "npm:1.6.0"
    "@jimp/utils": "npm:1.6.0"
    any-base: "npm:^1.1.0"
  checksum: cc20753465962993c82faf64a7222cddc582e92f6418c61b452295024bbdb444ddaf11f1ef9969a2db2f0af65390f8c45b3826d4f59fd7c8a344eafdea0726a5
  languageName: node
  linkType: hard

"@jimp/plugin-mask@npm:1.6.0":
  version: 1.6.0
  resolution: "@jimp/plugin-mask@npm:1.6.0"
  dependencies:
    "@jimp/types": "npm:1.6.0"
    zod: "npm:^3.23.8"
  checksum: b85b1cce64ae7bf30a421645b6da022dd66a69d98a8e998ad744cab3823f488d03cd69f56c4278cef4a9683eb21ca5dc3c05377a6208525e63fe0b664b10c801
  languageName: node
  linkType: hard

"@jimp/plugin-print@npm:1.6.0":
  version: 1.6.0
  resolution: "@jimp/plugin-print@npm:1.6.0"
  dependencies:
    "@jimp/core": "npm:1.6.0"
    "@jimp/js-jpeg": "npm:1.6.0"
    "@jimp/js-png": "npm:1.6.0"
    "@jimp/plugin-blit": "npm:1.6.0"
    "@jimp/types": "npm:1.6.0"
    parse-bmfont-ascii: "npm:^1.0.6"
    parse-bmfont-binary: "npm:^1.0.6"
    parse-bmfont-xml: "npm:^1.1.6"
    simple-xml-to-json: "npm:^1.2.2"
    zod: "npm:^3.23.8"
  checksum: 2dfe325677d4a35727484c03f2d9737fa96c24f79e9dc6fe6e0eb6255050397dee73a3c69625c0f35b91ed23e5dccc9f9dfaa0e0b5bec4f0d5b9def447e1e602
  languageName: node
  linkType: hard

"@jimp/plugin-quantize@npm:1.6.0":
  version: 1.6.0
  resolution: "@jimp/plugin-quantize@npm:1.6.0"
  dependencies:
    image-q: "npm:^4.0.0"
    zod: "npm:^3.23.8"
  checksum: ca0af4c6c378c9fcacb1f2f6a7c06e083e6d137108dfcf5a8a9550dccad627b8cda4f59e0850676659f21adf28b86e358c32fda46d0a89379aa63150015961d5
  languageName: node
  linkType: hard

"@jimp/plugin-resize@npm:1.6.0":
  version: 1.6.0
  resolution: "@jimp/plugin-resize@npm:1.6.0"
  dependencies:
    "@jimp/core": "npm:1.6.0"
    "@jimp/types": "npm:1.6.0"
    zod: "npm:^3.23.8"
  checksum: c74768cca2e7c08ddd7c79ed427ba91a26fdb5e67c58543ac2d8c4322a29415fe98f00ee5c93d17fb48a1b3bdb29d901c2f3fcebe6aa59a8dd1b3c3aed07b8e5
  languageName: node
  linkType: hard

"@jimp/plugin-rotate@npm:1.6.0":
  version: 1.6.0
  resolution: "@jimp/plugin-rotate@npm:1.6.0"
  dependencies:
    "@jimp/core": "npm:1.6.0"
    "@jimp/plugin-crop": "npm:1.6.0"
    "@jimp/plugin-resize": "npm:1.6.0"
    "@jimp/types": "npm:1.6.0"
    "@jimp/utils": "npm:1.6.0"
    zod: "npm:^3.23.8"
  checksum: e3f36a4117c0c08a0f1e7b9026c03bc23e4d59cc2527ed127d05bb1f5f8b0b7b7cb0103791f23f5fe36e57a0c788f72b8a763aabf7f43625a1ba786ed5ee7d8b
  languageName: node
  linkType: hard

"@jimp/plugin-threshold@npm:1.6.0":
  version: 1.6.0
  resolution: "@jimp/plugin-threshold@npm:1.6.0"
  dependencies:
    "@jimp/core": "npm:1.6.0"
    "@jimp/plugin-color": "npm:1.6.0"
    "@jimp/plugin-hash": "npm:1.6.0"
    "@jimp/types": "npm:1.6.0"
    "@jimp/utils": "npm:1.6.0"
    zod: "npm:^3.23.8"
  checksum: d3d1c17fa99351c2ce7c1b12ce24ea48b5fe4ebccf438d324d5a202c75bdd2a7f0ba34a1f3ad6e783d913e4bfe5b59fe198594fad7d7f431109554bd3162ddce
  languageName: node
  linkType: hard

"@jimp/types@npm:1.6.0":
  version: 1.6.0
  resolution: "@jimp/types@npm:1.6.0"
  dependencies:
    zod: "npm:^3.23.8"
  checksum: 0f5bb915fc427c241c67155199c66e36f21fd919cfd2b0c4504dc6eae5a14d00b3f822bd52ccea04bd1512db0edebd5a0c59d331056696d1e5b71d1500ace912
  languageName: node
  linkType: hard

"@jimp/utils@npm:1.6.0":
  version: 1.6.0
  resolution: "@jimp/utils@npm:1.6.0"
  dependencies:
    "@jimp/types": "npm:1.6.0"
    tinycolor2: "npm:^1.6.0"
  checksum: 4bcc8a39dfab154098b76491d8fb801675777ab2ba79061a87690f450bca12ce30c5d2ed9aa2b137da48d98717d5471e7c0c06f7dee283f1dc45b63e03cb913b
  languageName: node
  linkType: hard

"@tokenizer/token@npm:^0.3.0":
  version: 0.3.0
  resolution: "@tokenizer/token@npm:0.3.0"
  checksum: 1d575d02d2a9f0c5a4ca5180635ebd2ad59e0f18b42a65f3d04844148b49b3db35cf00b6012a1af2d59c2ab3caca59451c5689f747ba8667ee586ad717ee58e1
  languageName: node
  linkType: hard

"@types/node@npm:16.9.1":
  version: 16.9.1
  resolution: "@types/node@npm:16.9.1"
  checksum: 41afcf183a22d59323a0199dd7e0f46591247f45fc08a4434edb26d56dc279ae4fdb80f37989ddd7a0f45e3857c4933e6e82057ede09c5a829f77e373e680375
  languageName: node
  linkType: hard

"abort-controller@npm:^3.0.0":
  version: 3.0.0
  resolution: "abort-controller@npm:3.0.0"
  dependencies:
    event-target-shim: "npm:^5.0.0"
  checksum: 170bdba9b47b7e65906a28c8ce4f38a7a369d78e2271706f020849c1bfe0ee2067d4261df8bbb66eb84f79208fd5b710df759d64191db58cfba7ce8ef9c54b75
  languageName: node
  linkType: hard

"ansi-regex@npm:^6.0.1":
  version: 6.1.0
  resolution: "ansi-regex@npm:6.1.0"
  checksum: 495834a53b0856c02acd40446f7130cb0f8284f4a39afdab20d5dc42b2e198b1196119fe887beed8f9055c4ff2055e3b2f6d4641d0be018cdfb64fedf6fc1aac
  languageName: node
  linkType: hard

"ansi-styles@npm:^6.2.1":
  version: 6.2.1
  resolution: "ansi-styles@npm:6.2.1"
  checksum: ef940f2f0ced1a6347398da88a91da7930c33ecac3c77b72c5905f8b8fe402c52e6fde304ff5347f616e27a742da3f1dc76de98f6866c69251ad0b07a66776d9
  languageName: node
  linkType: hard

"any-base@npm:^1.1.0":
  version: 1.1.0
  resolution: "any-base@npm:1.1.0"
  checksum: c1fd040de52e710e2de7d9ae4df52bac589f35622adb24686c98ce21c7b824859a8db9614bc119ed8614f42fd08918b2612e6a6c385480462b3100a1af59289d
  languageName: node
  linkType: hard

"argparse@npm:^2.0.1":
  version: 2.0.1
  resolution: "argparse@npm:2.0.1"
  checksum: 83644b56493e89a254bae05702abf3a1101b4fa4d0ca31df1c9985275a5a5bd47b3c27b7fa0b71098d41114d8ca000e6ed90cad764b306f8a503665e4d517ced
  languageName: node
  linkType: hard

"await-to-js@npm:^3.0.0":
  version: 3.0.0
  resolution: "await-to-js@npm:3.0.0"
  checksum: b6e9dcf9f0990312d2ae28fcfa0a2c2d1ba48baaa161591fba61d3accf97072ce8a7187ee4e889f3148e1707a7ed1d174b9dd04ce4f79f02d7f8c9e017e90f8e
  languageName: node
  linkType: hard

"base64-js@npm:^1.3.1":
  version: 1.5.1
  resolution: "base64-js@npm:1.5.1"
  checksum: 669632eb3745404c2f822a18fc3a0122d2f9a7a13f7fb8b5823ee19d1d2ff9ee5b52c53367176ea4ad093c332fd5ab4bd0ebae5a8e27917a4105a4cfc86b1005
  languageName: node
  linkType: hard

"bmp-ts@npm:^1.0.9":
  version: 1.0.9
  resolution: "bmp-ts@npm:1.0.9"
  checksum: 5947447597d519469f1936aeaf89e5ee09facb2aeb17682f1e228a91d3bc3f48951fe3a71f8029d3a3e58e4ff78e67474627d1ede8d03a5ce00456fd3eaa53c2
  languageName: node
  linkType: hard

"buffer@npm:^6.0.3":
  version: 6.0.3
  resolution: "buffer@npm:6.0.3"
  dependencies:
    base64-js: "npm:^1.3.1"
    ieee754: "npm:^1.2.1"
  checksum: 5ad23293d9a731e4318e420025800b42bf0d264004c0286c8cc010af7a270c7a0f6522e84f54b9ad65cbd6db20b8badbfd8d2ebf4f80fa03dab093b89e68c3f9
  languageName: node
  linkType: hard

"cliui@npm:^9.0.1":
  version: 9.0.1
  resolution: "cliui@npm:9.0.1"
  dependencies:
    string-width: "npm:^7.2.0"
    strip-ansi: "npm:^7.1.0"
    wrap-ansi: "npm:^9.0.0"
  checksum: 143879ae462bf76822f341bf40979f0225fdba8dde6dfe429018b13396fd0532752cc2a809ac48cecc0ea189406184ad7568c0af44eea73d2ac3b432c4c6431f
  languageName: node
  linkType: hard

"emoji-regex@npm:^10.3.0":
  version: 10.4.0
  resolution: "emoji-regex@npm:10.4.0"
  checksum: a6d9a0e454829a52e664e049847776ee1fff5646617b06cd87de7c03ce1dfcce4102a3b154d5e9c8e90f8125bc120fc1fe114d523dddf60a8a161f26c72658d2
  languageName: node
  linkType: hard

"escalade@npm:^3.1.1":
  version: 3.2.0
  resolution: "escalade@npm:3.2.0"
  checksum: 47b029c83de01b0d17ad99ed766347b974b0d628e848de404018f3abee728e987da0d2d370ad4574aa3d5b5bfc368754fd085d69a30f8e75903486ec4b5b709e
  languageName: node
  linkType: hard

"event-target-shim@npm:^5.0.0":
  version: 5.0.1
  resolution: "event-target-shim@npm:5.0.1"
  checksum: 1ffe3bb22a6d51bdeb6bf6f7cf97d2ff4a74b017ad12284cc9e6a279e727dc30a5de6bb613e5596ff4dc3e517841339ad09a7eec44266eccb1aa201a30448166
  languageName: node
  linkType: hard

"events@npm:^3.3.0":
  version: 3.3.0
  resolution: "events@npm:3.3.0"
  checksum: f6f487ad2198aa41d878fa31452f1a3c00958f46e9019286ff4787c84aac329332ab45c9cdc8c445928fc6d7ded294b9e005a7fce9426488518017831b272780
  languageName: node
  linkType: hard

"exif-parser@npm:^0.1.12":
  version: 0.1.12
  resolution: "exif-parser@npm:0.1.12"
  checksum: 6ba50cb9e0b45a6efa37e966a9582ecd171b5c5b3ef0c47542f2b862c521f70d2f656dde85b4d2a5dd8e1163486b09049f4c412e9c6176bfbda1654a5b2f021c
  languageName: node
  linkType: hard

"file-type@npm:^16.0.0":
  version: 16.5.4
  resolution: "file-type@npm:16.5.4"
  dependencies:
    readable-web-to-node-stream: "npm:^3.0.0"
    strtok3: "npm:^6.2.4"
    token-types: "npm:^4.1.1"
  checksum: d983c0f36491c57fcb6cc70fcb02c36d6b53f312a15053263e1924e28ca8314adf0db32170801ad777f09432c32155f31715ceaee66310947731588120d7ec27
  languageName: node
  linkType: hard

"get-caller-file@npm:^2.0.5":
  version: 2.0.5
  resolution: "get-caller-file@npm:2.0.5"
  checksum: b9769a836d2a98c3ee734a88ba712e62703f1df31b94b784762c433c27a386dd6029ff55c2a920c392e33657d80191edbf18c61487e198844844516f843496b9
  languageName: node
  linkType: hard

"get-east-asian-width@npm:^1.0.0":
  version: 1.3.0
  resolution: "get-east-asian-width@npm:1.3.0"
  checksum: 757a34c7a46ff385e2775f96f9d3e553f6b6666a8898fb89040d36a1010fba692332772945606a7d4b0f0c6afb84cd394e75d5477c56e1f00f1eb79603b0aecc
  languageName: node
  linkType: hard

"gifwrap@npm:^0.10.1":
  version: 0.10.1
  resolution: "gifwrap@npm:0.10.1"
  dependencies:
    image-q: "npm:^4.0.0"
    omggif: "npm:^1.0.10"
  checksum: eac8cb4b9657b284ebce935ab541c5a2acbb0bdd062ca6ae900169ff2d48d0dec0f903940eafa639a849c9d4f43c0317422b57a1b50dc3a86aab4e634c6b4258
  languageName: node
  linkType: hard

"ieee754@npm:^1.2.1":
  version: 1.2.1
  resolution: "ieee754@npm:1.2.1"
  checksum: 5144c0c9815e54ada181d80a0b810221a253562422e7c6c3a60b1901154184f49326ec239d618c416c1c5945a2e197107aee8d986a3dd836b53dffefd99b5e7e
  languageName: node
  linkType: hard

"image-q@npm:^4.0.0":
  version: 4.0.0
  resolution: "image-q@npm:4.0.0"
  dependencies:
    "@types/node": "npm:16.9.1"
  checksum: 6c6a1dd8467833161f46cc17b4a43218d30a3899ff71a4ffb895f71a14ca29de12f79d824d4d2174070924cbd97faa018b2ded8d690483ab7eb269f364cd97cc
  languageName: node
  linkType: hard

"jimp@npm:^1.6.0":
  version: 1.6.0
  resolution: "jimp@npm:1.6.0"
  dependencies:
    "@jimp/core": "npm:1.6.0"
    "@jimp/diff": "npm:1.6.0"
    "@jimp/js-bmp": "npm:1.6.0"
    "@jimp/js-gif": "npm:1.6.0"
    "@jimp/js-jpeg": "npm:1.6.0"
    "@jimp/js-png": "npm:1.6.0"
    "@jimp/js-tiff": "npm:1.6.0"
    "@jimp/plugin-blit": "npm:1.6.0"
    "@jimp/plugin-blur": "npm:1.6.0"
    "@jimp/plugin-circle": "npm:1.6.0"
    "@jimp/plugin-color": "npm:1.6.0"
    "@jimp/plugin-contain": "npm:1.6.0"
    "@jimp/plugin-cover": "npm:1.6.0"
    "@jimp/plugin-crop": "npm:1.6.0"
    "@jimp/plugin-displace": "npm:1.6.0"
    "@jimp/plugin-dither": "npm:1.6.0"
    "@jimp/plugin-fisheye": "npm:1.6.0"
    "@jimp/plugin-flip": "npm:1.6.0"
    "@jimp/plugin-hash": "npm:1.6.0"
    "@jimp/plugin-mask": "npm:1.6.0"
    "@jimp/plugin-print": "npm:1.6.0"
    "@jimp/plugin-quantize": "npm:1.6.0"
    "@jimp/plugin-resize": "npm:1.6.0"
    "@jimp/plugin-rotate": "npm:1.6.0"
    "@jimp/plugin-threshold": "npm:1.6.0"
    "@jimp/types": "npm:1.6.0"
    "@jimp/utils": "npm:1.6.0"
  checksum: 05edd245c6482661eccac04914c6103980982d0015e1ec013e13a8228fcd19ac018e9c6a922a5d8f4ba24f605b053b407a56674621fcf9a493b02bd2ccd9f094
  languageName: node
  linkType: hard

"jpeg-js@npm:^0.4.4":
  version: 0.4.4
  resolution: "jpeg-js@npm:0.4.4"
  checksum: bd7cb61aa8df40a9ee2c2106839c3df6054891e56cfc22c0ac581402e06c6295f962a4754b0b2ac50a401789131b1c6dc9df8d24400f1352168be1894833c590
  languageName: node
  linkType: hard

"js-yaml@npm:^4.1.0":
  version: 4.1.0
  resolution: "js-yaml@npm:4.1.0"
  dependencies:
    argparse: "npm:^2.0.1"
  bin:
    js-yaml: bin/js-yaml.js
  checksum: c7830dfd456c3ef2c6e355cc5a92e6700ceafa1d14bba54497b34a99f0376cecbb3e9ac14d3e5849b426d5a5140709a66237a8c991c675431271c4ce5504151a
  languageName: node
  linkType: hard

"mime@npm:3":
  version: 3.0.0
  resolution: "mime@npm:3.0.0"
  bin:
    mime: cli.js
  checksum: f43f9b7bfa64534e6b05bd6062961681aeb406a5b53673b53b683f27fcc4e739989941836a355eef831f4478923651ecc739f4a5f6e20a76487b432bfd4db928
  languageName: node
  linkType: hard

"omggif@npm:^1.0.10":
  version: 1.0.10
  resolution: "omggif@npm:1.0.10"
  checksum: 15102e46b6fa0fba32d7e948f702623cdc3cdcdfd64b2d33c6e29a61f366ffd0f250da55d66f5217dce5b93ba9c67763fa998652791a5c7f2201a3bde2c4db45
  languageName: node
  linkType: hard

"pako@npm:^1.0.11":
  version: 1.0.11
  resolution: "pako@npm:1.0.11"
  checksum: 1be2bfa1f807608c7538afa15d6f25baa523c30ec870a3228a89579e474a4d992f4293859524e46d5d87fd30fa17c5edf34dbef0671251d9749820b488660b16
  languageName: node
  linkType: hard

"parse-bmfont-ascii@npm:^1.0.6":
  version: 1.0.6
  resolution: "parse-bmfont-ascii@npm:1.0.6"
  checksum: de3f6671f183c3e9d64bb4812b0407693b5fd0d24e9d16b2e106bb9eef809d64a6cc061f39ca29bb10c5c2e47e241e91b7aeefa587391fff7ccb27ab9db5012e
  languageName: node
  linkType: hard

"parse-bmfont-binary@npm:^1.0.6":
  version: 1.0.6
  resolution: "parse-bmfont-binary@npm:1.0.6"
  checksum: ca37fb1e92f5941fddc5342b45857fafd27f00d2bd5fa44dd504bec6faeab97536c95ad45260c2dd5fc4c63de71e525663d3cdac09d038cbca803d97c669add5
  languageName: node
  linkType: hard

"parse-bmfont-xml@npm:^1.1.6":
  version: 1.1.6
  resolution: "parse-bmfont-xml@npm:1.1.6"
  dependencies:
    xml-parse-from-string: "npm:^1.0.0"
    xml2js: "npm:^0.5.0"
  checksum: ec4a33d5e75f0a70d72bc40060b192956cce12c46157b6dde9be1d07c2f0c8f68b6d9ad84775eb259af2d9bb6b26f0759b0c21ab2e4c7812cf96d4fae99233b0
  languageName: node
  linkType: hard

"peek-readable@npm:^4.1.0":
  version: 4.1.0
  resolution: "peek-readable@npm:4.1.0"
  checksum: 02c673f9bc816f8e4e74a054c097225ad38d457d745b775e2b96faf404a54473b2f62f5bcd496f5ebc28696708bcc5e95bed409856f4bef5ed62eae9b4ac0dab
  languageName: node
  linkType: hard

"pixelmatch@npm:^5.3.0":
  version: 5.3.0
  resolution: "pixelmatch@npm:5.3.0"
  dependencies:
    pngjs: "npm:^6.0.0"
  bin:
    pixelmatch: bin/pixelmatch
  checksum: f542713d89536551181ad9ddb666a1792ba00a8632d831093232a075cb3ccac05856e7a453ed7d0a41aaef64dcb5962e8ae5cbe646dd2761790d8ee51b0a0743
  languageName: node
  linkType: hard

"pngjs@npm:^6.0.0":
  version: 6.0.0
  resolution: "pngjs@npm:6.0.0"
  checksum: ab6c285086060087097eab9fe6b5a528a24f9e79c03dea2b4fd6264ed4fdb5beff4a3257eeeaf2a9dc18249b539609c2a4e4013c567164a1f6b5ba2c974d5ecb
  languageName: node
  linkType: hard

"pngjs@npm:^7.0.0":
  version: 7.0.0
  resolution: "pngjs@npm:7.0.0"
  checksum: b19a018930d27de26229c1b3ff250b3a25d09caa22cbb0b0459987d91eb0a560a18ab5d67da45a38ed7514140f26d1db58de83c31159ec101f2bb270a3c707f1
  languageName: node
  linkType: hard

"process@npm:^0.11.10":
  version: 0.11.10
  resolution: "process@npm:0.11.10"
  checksum: bfcce49814f7d172a6e6a14d5fa3ac92cc3d0c3b9feb1279774708a719e19acd673995226351a082a9ae99978254e320ccda4240ddc474ba31a76c79491ca7c3
  languageName: node
  linkType: hard

"readable-stream@npm:^4.7.0":
  version: 4.7.0
  resolution: "readable-stream@npm:4.7.0"
  dependencies:
    abort-controller: "npm:^3.0.0"
    buffer: "npm:^6.0.3"
    events: "npm:^3.3.0"
    process: "npm:^0.11.10"
    string_decoder: "npm:^1.3.0"
  checksum: 03ec762faed8e149dc6452798b60394a8650861a1bb4bf936fa07b94044826bc25abe73696f5f45372abc404eec01876c560f64b479eba108b56397312dbe2ae
  languageName: node
  linkType: hard

"readable-web-to-node-stream@npm:^3.0.0":
  version: 3.0.4
  resolution: "readable-web-to-node-stream@npm:3.0.4"
  dependencies:
    readable-stream: "npm:^4.7.0"
  checksum: a11704035cab9ad857a3081e7663dca28a7befd7328e5b2eb2c124e4150e08534ea00c3159e5f7ff2588fca366b348a7d8d2bc0bc7d5eabc6b7108dd753886b7
  languageName: node
  linkType: hard

"safe-buffer@npm:~5.2.0":
  version: 5.2.1
  resolution: "safe-buffer@npm:5.2.1"
  checksum: b99c4b41fdd67a6aaf280fcd05e9ffb0813654894223afb78a31f14a19ad220bba8aba1cb14eddce1fcfb037155fe6de4e861784eb434f7d11ed58d1e70dd491
  languageName: node
  linkType: hard

"sax@npm:>=0.6.0":
  version: 1.4.1
  resolution: "sax@npm:1.4.1"
  checksum: 3ad64df16b743f0f2eb7c38ced9692a6d924f1cd07bbe45c39576c2cf50de8290d9d04e7b2228f924c7d05fecc4ec5cf651423278e0c7b63d260c387ef3af84a
  languageName: node
  linkType: hard

"simple-xml-to-json@npm:^1.2.2":
  version: 1.2.3
  resolution: "simple-xml-to-json@npm:1.2.3"
  checksum: 156ce57fafb1e031abaf0e5bd4c7cbce522fd9b21aef35aff18ab76f503063597ebd39b41d3c69a7d08f84f77ee91eb6c34ae5fa1695f7a28ddeb00a5791375d
  languageName: node
  linkType: hard

"string-width@npm:^7.0.0, string-width@npm:^7.2.0":
  version: 7.2.0
  resolution: "string-width@npm:7.2.0"
  dependencies:
    emoji-regex: "npm:^10.3.0"
    get-east-asian-width: "npm:^1.0.0"
    strip-ansi: "npm:^7.1.0"
  checksum: 42f9e82f61314904a81393f6ef75b832c39f39761797250de68c041d8ba4df2ef80db49ab6cd3a292923a6f0f409b8c9980d120f7d32c820b4a8a84a2598a295
  languageName: node
  linkType: hard

"string_decoder@npm:^1.3.0":
  version: 1.3.0
  resolution: "string_decoder@npm:1.3.0"
  dependencies:
    safe-buffer: "npm:~5.2.0"
  checksum: 8417646695a66e73aefc4420eb3b84cc9ffd89572861fe004e6aeb13c7bc00e2f616247505d2dbbef24247c372f70268f594af7126f43548565c68c117bdeb56
  languageName: node
  linkType: hard

"strip-ansi@npm:^7.1.0":
  version: 7.1.0
  resolution: "strip-ansi@npm:7.1.0"
  dependencies:
    ansi-regex: "npm:^6.0.1"
  checksum: 859c73fcf27869c22a4e4d8c6acfe690064659e84bef9458aa6d13719d09ca88dcfd40cbf31fd0be63518ea1a643fe070b4827d353e09533a5b0b9fd4553d64d
  languageName: node
  linkType: hard

"strtok3@npm:^6.2.4":
  version: 6.3.0
  resolution: "strtok3@npm:6.3.0"
  dependencies:
    "@tokenizer/token": "npm:^0.3.0"
    peek-readable: "npm:^4.1.0"
  checksum: 90732cff3f325aef7c47c511f609b593e0873ec77b5081810071cde941344e6a0ee3ccb0cae1a9f5b4e12c81a2546fd6b322fabcdfbd1dd08362c2ce5291334a
  languageName: node
  linkType: hard

"tinycolor2@npm:^1.6.0":
  version: 1.6.0
  resolution: "tinycolor2@npm:1.6.0"
  checksum: 6df4d07fceeedc0a878d7bac47e2cd47c1ceeb1078340a9eb8a295bc0651e17c750f73d47b3028d829f30b85c15e0572c0fd4142083e4c21a30a597e47f47230
  languageName: node
  linkType: hard

"token-types@npm:^4.1.1":
  version: 4.2.1
  resolution: "token-types@npm:4.2.1"
  dependencies:
    "@tokenizer/token": "npm:^0.3.0"
    ieee754: "npm:^1.2.1"
  checksum: cce256766b33e0f08ceffefa2198fb4961a417866d00780e58625999ab5c0699821407053e64eadc41b00bbb6c0d0c4d02fbd2199940d8a3ccb71e1b148ab9a2
  languageName: node
  linkType: hard

"tools@workspace:.":
  version: 0.0.0-use.local
  resolution: "tools@workspace:."
  dependencies:
    jimp: ^1.6.0
    js-yaml: ^4.1.0
    yargs: ^18.0.0
  languageName: unknown
  linkType: soft

"utif2@npm:^4.1.0":
  version: 4.1.0
  resolution: "utif2@npm:4.1.0"
  dependencies:
    pako: "npm:^1.0.11"
  checksum: b8a7ba68c503c95dd3137eb20c677553dab7641f4539a75dacc2a94ad7e3d1b5b62b547daa559b07cbeb4b9e2f54c15130ced97667775e320bfdccfba9843edd
  languageName: node
  linkType: hard

"wrap-ansi@npm:^9.0.0":
  version: 9.0.0
  resolution: "wrap-ansi@npm:9.0.0"
  dependencies:
    ansi-styles: "npm:^6.2.1"
    string-width: "npm:^7.0.0"
    strip-ansi: "npm:^7.1.0"
  checksum: b2d43b76b3d8dcbdd64768165e548aad3e54e1cae4ecd31bac9966faaa7cf0b0345677ad6879db10ba58eb446ba8fa44fb82b4951872fd397f096712467a809f
  languageName: node
  linkType: hard

"xml-parse-from-string@npm:^1.0.0":
  version: 1.0.1
  resolution: "xml-parse-from-string@npm:1.0.1"
  checksum: 5155cb98e428409829f4060ce542c55438b2f7646d11fd306d850eaf12d35c06ffd9e86d76aa5230121a533b958fd1a319d6f90a5c113391853d0ff01f4da7bb
  languageName: node
  linkType: hard

"xml2js@npm:^0.5.0":
  version: 0.5.0
  resolution: "xml2js@npm:0.5.0"
  dependencies:
    sax: "npm:>=0.6.0"
    xmlbuilder: "npm:~11.0.0"
  checksum: 1aa71d62e5bc2d89138e3929b9ea46459157727759cbc62ef99484b778641c0cd21fb637696c052d901a22f82d092a3e740a16b4ce218e81ac59b933535124ea
  languageName: node
  linkType: hard

"xmlbuilder@npm:~11.0.0":
  version: 11.0.1
  resolution: "xmlbuilder@npm:11.0.1"
  checksum: 7152695e16f1a9976658215abab27e55d08b1b97bca901d58b048d2b6e106b5af31efccbdecf9b07af37c8377d8e7e821b494af10b3a68b0ff4ae60331b415b0
  languageName: node
  linkType: hard

"y18n@npm:^5.0.5":
  version: 5.0.8
  resolution: "y18n@npm:5.0.8"
  checksum: 54f0fb95621ee60898a38c572c515659e51cc9d9f787fb109cef6fde4befbe1c4602dc999d30110feee37456ad0f1660fa2edcfde6a9a740f86a290999550d30
  languageName: node
  linkType: hard

"yargs-parser@npm:^22.0.0":
  version: 22.0.0
  resolution: "yargs-parser@npm:22.0.0"
  checksum: 55df0d94f3f9f933f1349f244ddf72a6978a9d5a972b69332965cdfd5ec849ff26386965512f4179065b0573cc6e8df33ca44334958a892c47fedae08a967c99
  languageName: node
  linkType: hard

"yargs@npm:^18.0.0":
  version: 18.0.0
  resolution: "yargs@npm:18.0.0"
  dependencies:
    cliui: "npm:^9.0.1"
    escalade: "npm:^3.1.1"
    get-caller-file: "npm:^2.0.5"
    string-width: "npm:^7.2.0"
    y18n: "npm:^5.0.5"
    yargs-parser: "npm:^22.0.0"
  checksum: a7cf1b97cb4e81c059f78fd32a4160505d421ecdce5409f5e3840fdcc4c982885fc645b44af961eab94d673cb46f81207d831aa87862246907ffacf45884976a
  languageName: node
  linkType: hard

"zod@npm:^3.23.8":
  version: 3.25.76
  resolution: "zod@npm:3.25.76"
  checksum: c9a403a62b329188a5f6bd24d5d935d2bba345f7ab8151d1baa1505b5da9f227fb139354b043711490c798e91f3df75991395e40142e6510a4b16409f302b849
  languageName: node
  linkType: hard
